// !$*UTF8*$!
{
	archiveVersion = 1;
	classes = {
	};
	objectVersion = 46;
	objects = {

/* Begin PBXBuildFile section */
		6503D0F31E0D8B3500E813ED /* HomeMenuViewController.swift in Sources */ = {isa = PBXBuildFile; fileRef = 6503D0F11E0D8B3500E813ED /* HomeMenuViewController.swift */; };
		654611D01B2497B7007A6AD5 /* CoreFoundation.framework in Frameworks */ = {isa = PBXBuildFile; fileRef = 654611CF1B2497B7007A6AD5 /* CoreFoundation.framework */; };
		654856AE1B235160001922E1 /* AppDelegate.swift in Sources */ = {isa = PBXBuildFile; fileRef = 654856AC1B235160001922E1 /* AppDelegate.swift */; };
		6549F33B1B1CBFF6007B7EF6 /* Main.storyboard in Resources */ = {isa = PBXBuildFile; fileRef = 6549F3391B1CBFF6007B7EF6 /* Main.storyboard */; };
		6549F33D1B1CBFF6007B7EF6 /* Images.xcassets in Resources */ = {isa = PBXBuildFile; fileRef = 6549F33C1B1CBFF6007B7EF6 /* Images.xcassets */; };
		65528BB81B3F0AB600A611E4 /* CustomUtility.swift in Sources */ = {isa = PBXBuildFile; fileRef = 65528BB71B3F0AB600A611E4 /* CustomUtility.swift */; };
		65FC25FC1E02ED5600F9E38A /* MacroDefine.swift in Sources */ = {isa = PBXBuildFile; fileRef = 65FC25FB1E02ED5600F9E38A /* MacroDefine.swift */; };
		68987BCF256B8AD800119088 /* GanClient.framework in Frameworks */ = {isa = PBXBuildFile; fileRef = 68987BCE256B8AD800119088 /* GanClient.framework */; };
		689B537D2421C13800BF4C2C /* BaseViewController.swift in Sources */ = {isa = PBXBuildFile; fileRef = 689B537C2421C13800BF4C2C /* BaseViewController.swift */; };
		68B36F53235D9F7D005D0741 /* Localizable.strings in Resources */ = {isa = PBXBuildFile; fileRef = 68B36F55235D9F7D005D0741 /* Localizable.strings */; };
		68B36F59235DA30D005D0741 /* InfoPlist.strings in Resources */ = {isa = PBXBuildFile; fileRef = 68B36F5B235DA30D005D0741 /* InfoPlist.strings */; };
		68D6F13F232A243600F35374 /* Launch Screen.storyboard in Resources */ = {isa = PBXBuildFile; fileRef = 68D6F13D232A243600F35374 /* Launch Screen.storyboard */; };
/* End PBXBuildFile section */

/* Begin PBXFileReference section */
		296D9644A3D97B8254869883 /* Pods-ShrChiuan.debug.xcconfig */ = {isa = PBXFileReference; includeInIndex = 1; lastKnownFileType = text.xcconfig; name = "Pods-ShrChiuan.debug.xcconfig"; path = "Pods/Target Support Files/Pods-ShrChiuan/Pods-ShrChiuan.debug.xcconfig"; sourceTree = "<group>"; };
		6503D0F11E0D8B3500E813ED /* HomeMenuViewController.swift */ = {isa = PBXFileReference; fileEncoding = 4; lastKnownFileType = sourcecode.swift; path = HomeMenuViewController.swift; sourceTree = "<group>"; };
		654611CF1B2497B7007A6AD5 /* CoreFoundation.framework */ = {isa = PBXFileReference; lastKnownFileType = wrapper.framework; name = CoreFoundation.framework; path = System/Library/Frameworks/CoreFoundation.framework; sourceTree = SDKROOT; };
		654664DB1B332554003C9BBE /* GanClientApp-Bridging-Header.h */ = {isa = PBXFileReference; fileEncoding = 4; lastKnownFileType = sourcecode.c.h; path = "GanClientApp-Bridging-Header.h"; sourceTree = "<group>"; };
		654856AC1B235160001922E1 /* AppDelegate.swift */ = {isa = PBXFileReference; fileEncoding = 4; lastKnownFileType = sourcecode.swift; path = AppDelegate.swift; sourceTree = "<group>"; };
		6549F32D1B1CBFF6007B7EF6 /* GanClientApp.app */ = {isa = PBXFileReference; explicitFileType = wrapper.application; includeInIndex = 0; path = GanClientApp.app; sourceTree = BUILT_PRODUCTS_DIR; };
		6549F3311B1CBFF6007B7EF6 /* Info.plist */ = {isa = PBXFileReference; lastKnownFileType = text.plist.xml; path = Info.plist; sourceTree = "<group>"; };
		6549F33A1B1CBFF6007B7EF6 /* Base */ = {isa = PBXFileReference; lastKnownFileType = file.storyboard; name = Base; path = Base.lproj/Main.storyboard; sourceTree = "<group>"; };
		6549F33C1B1CBFF6007B7EF6 /* Images.xcassets */ = {isa = PBXFileReference; lastKnownFileType = folder.assetcatalog; path = Images.xcassets; sourceTree = "<group>"; };
		65528BB71B3F0AB600A611E4 /* CustomUtility.swift */ = {isa = PBXFileReference; fileEncoding = 4; lastKnownFileType = sourcecode.swift; path = CustomUtility.swift; sourceTree = "<group>"; };
		65FC25FB1E02ED5600F9E38A /* MacroDefine.swift */ = {isa = PBXFileReference; fileEncoding = 4; lastKnownFileType = sourcecode.swift; path = MacroDefine.swift; sourceTree = "<group>"; };
		68987BCE256B8AD800119088 /* GanClient.framework */ = {isa = PBXFileReference; explicitFileType = wrapper.framework; path = GanClient.framework; sourceTree = BUILT_PRODUCTS_DIR; };
		689B537C2421C13800BF4C2C /* BaseViewController.swift */ = {isa = PBXFileReference; lastKnownFileType = sourcecode.swift; path = BaseViewController.swift; sourceTree = "<group>"; };
		68B36F54235D9F7D005D0741 /* en */ = {isa = PBXFileReference; lastKnownFileType = text.plist.strings; name = en; path = en.lproj/Localizable.strings; sourceTree = "<group>"; };
		68B36F56235D9FB8005D0741 /* zh-Hant */ = {isa = PBXFileReference; lastKnownFileType = text.plist.strings; name = "zh-Hant"; path = "zh-Hant.lproj/Localizable.strings"; sourceTree = "<group>"; };
		68B36F5A235DA30D005D0741 /* en */ = {isa = PBXFileReference; lastKnownFileType = text.plist.strings; name = en; path = en.lproj/InfoPlist.strings; sourceTree = "<group>"; };
		68B36F5C235DA30F005D0741 /* zh-Hant */ = {isa = PBXFileReference; lastKnownFileType = text.plist.strings; name = "zh-Hant"; path = "zh-Hant.lproj/InfoPlist.strings"; sourceTree = "<group>"; };
		68D6F13E232A243600F35374 /* Base */ = {isa = PBXFileReference; lastKnownFileType = file.storyboard; name = Base; path = "Base.lproj/Launch Screen.storyboard"; sourceTree = "<group>"; };
		81B63F9745D1786F8414EFAE /* Pods-GanClientApp.release.xcconfig */ = {isa = PBXFileReference; includeInIndex = 1; lastKnownFileType = text.xcconfig; name = "Pods-GanClientApp.release.xcconfig"; path = "../Pods/Target Support Files/Pods-GanClientApp/Pods-GanClientApp.release.xcconfig"; sourceTree = "<group>"; };
		8D5E8E573999D5186BFA9559 /* Pods-ShrChiuan.release.xcconfig */ = {isa = PBXFileReference; includeInIndex = 1; lastKnownFileType = text.xcconfig; name = "Pods-ShrChiuan.release.xcconfig"; path = "Pods/Target Support Files/Pods-ShrChiuan/Pods-ShrChiuan.release.xcconfig"; sourceTree = "<group>"; };
		B11330C2A606A9E9BF4B9804 /* Pods-GanClientTester.release.xcconfig */ = {isa = PBXFileReference; includeInIndex = 1; lastKnownFileType = text.xcconfig; name = "Pods-GanClientTester.release.xcconfig"; path = "Pods/Target Support Files/Pods-GanClientTester/Pods-GanClientTester.release.xcconfig"; sourceTree = "<group>"; };
		D9CAAAC9AA0A9234980EFBF9 /* Pods-GanClientApp.debug.xcconfig */ = {isa = PBXFileReference; includeInIndex = 1; lastKnownFileType = text.xcconfig; name = "Pods-GanClientApp.debug.xcconfig"; path = "../Pods/Target Support Files/Pods-GanClientApp/Pods-GanClientApp.debug.xcconfig"; sourceTree = "<group>"; };
		DAFAD5A6A35125724E7F6D7D /* Pods-GanClientTester.debug.xcconfig */ = {isa = PBXFileReference; includeInIndex = 1; lastKnownFileType = text.xcconfig; name = "Pods-GanClientTester.debug.xcconfig"; path = "Pods/Target Support Files/Pods-GanClientTester/Pods-GanClientTester.debug.xcconfig"; sourceTree = "<group>"; };
/* End PBXFileReference section */

/* Begin PBXFrameworksBuildPhase section */
		6549F32A1B1CBFF6007B7EF6 /* Frameworks */ = {
			isa = PBXFrameworksBuildPhase;
			buildActionMask = 2147483647;
			files = (
				68987BCF256B8AD800119088 /* GanClient.framework in Frameworks */,
				654611D01B2497B7007A6AD5 /* CoreFoundation.framework in Frameworks */,
			);
			runOnlyForDeploymentPostprocessing = 0;
		};
/* End PBXFrameworksBuildPhase section */

/* Begin PBXGroup section */
		468A17BF6384F0AB0178A9C6 /* Frameworks */ = {
			isa = PBXGroup;
			children = (
				68987BCE256B8AD800119088 /* GanClient.framework */,
			);
			name = Frameworks;
			sourceTree = "<group>";
		};
		63B2EDD20BA49993DF8377B2 /* Pods */ = {
			isa = PBXGroup;
			children = (
				296D9644A3D97B8254869883 /* Pods-ShrChiuan.debug.xcconfig */,
				8D5E8E573999D5186BFA9559 /* Pods-ShrChiuan.release.xcconfig */,
				DAFAD5A6A35125724E7F6D7D /* Pods-GanClientTester.debug.xcconfig */,
				B11330C2A606A9E9BF4B9804 /* Pods-GanClientTester.release.xcconfig */,
				D9CAAAC9AA0A9234980EFBF9 /* Pods-GanClientApp.debug.xcconfig */,
				81B63F9745D1786F8414EFAE /* Pods-GanClientApp.release.xcconfig */,
			);
			name = Pods;
			sourceTree = "<group>";
		};
		65382BF11B517DAA0033E876 /* Framework */ = {
			isa = PBXGroup;
			children = (
				654611CF1B2497B7007A6AD5 /* CoreFoundation.framework */,
			);
			name = Framework;
			sourceTree = "<group>";
		};
		654856AB1B235160001922E1 /* Classes */ = {
			isa = PBXGroup;
			children = (
				656D8FEC1B385D74007640AD /* ViewController */,
				654856AC1B235160001922E1 /* AppDelegate.swift */,
				6503D0F11E0D8B3500E813ED /* HomeMenuViewController.swift */,
				65FC25FB1E02ED5600F9E38A /* MacroDefine.swift */,
				654664DB1B332554003C9BBE /* GanClientApp-Bridging-Header.h */,
			);
			path = Classes;
			sourceTree = "<group>";
		};
		6549F3241B1CBFF6007B7EF6 = {
			isa = PBXGroup;
			children = (
				6549F32F1B1CBFF6007B7EF6 /* GanClientApp */,
				65382BF11B517DAA0033E876 /* Framework */,
				6549F32E1B1CBFF6007B7EF6 /* Products */,
				63B2EDD20BA49993DF8377B2 /* Pods */,
				468A17BF6384F0AB0178A9C6 /* Frameworks */,
			);
			sourceTree = "<group>";
		};
		6549F32E1B1CBFF6007B7EF6 /* Products */ = {
			isa = PBXGroup;
			children = (
				6549F32D1B1CBFF6007B7EF6 /* GanClientApp.app */,
			);
			name = Products;
			sourceTree = "<group>";
		};
		6549F32F1B1CBFF6007B7EF6 /* GanClientApp */ = {
			isa = PBXGroup;
			children = (
				654856AB1B235160001922E1 /* Classes */,
				6549F3391B1CBFF6007B7EF6 /* Main.storyboard */,
				6549F33C1B1CBFF6007B7EF6 /* Images.xcassets */,
				68D6F13D232A243600F35374 /* Launch Screen.storyboard */,
				6549F3301B1CBFF6007B7EF6 /* Supporting Files */,
			);
			name = GanClientApp;
			sourceTree = "<group>";
		};
		6549F3301B1CBFF6007B7EF6 /* Supporting Files */ = {
			isa = PBXGroup;
			children = (
				6549F3311B1CBFF6007B7EF6 /* Info.plist */,
				68B36F55235D9F7D005D0741 /* Localizable.strings */,
				68B36F5B235DA30D005D0741 /* InfoPlist.strings */,
			);
			name = "Supporting Files";
			sourceTree = "<group>";
		};
		65528BB61B3F0A9E00A611E4 /* Custom */ = {
			isa = PBXGroup;
			children = (
				65528BB71B3F0AB600A611E4 /* CustomUtility.swift */,
			);
			path = Custom;
			sourceTree = "<group>";
		};
		656D8FEC1B385D74007640AD /* ViewController */ = {
			isa = PBXGroup;
			children = (
				689B537B2421C12200BF4C2C /* Base */,
				65528BB61B3F0A9E00A611E4 /* Custom */,
			);
			path = ViewController;
			sourceTree = "<group>";
		};
		689B537B2421C12200BF4C2C /* Base */ = {
			isa = PBXGroup;
			children = (
				689B537C2421C13800BF4C2C /* BaseViewController.swift */,
			);
			path = Base;
			sourceTree = "<group>";
		};
/* End PBXGroup section */

/* Begin PBXNativeTarget section */
		6549F32C1B1CBFF6007B7EF6 /* GanClientApp */ = {
			isa = PBXNativeTarget;
			buildConfigurationList = 6549F34F1B1CBFF6007B7EF6 /* Build configuration list for PBXNativeTarget "GanClientApp" */;
			buildPhases = (
				95BEFDADC164D0A7838C17CC /* [CP] Check Pods Manifest.lock */,
				6549F3291B1CBFF6007B7EF6 /* Sources */,
				6549F32A1B1CBFF6007B7EF6 /* Frameworks */,
				6549F32B1B1CBFF6007B7EF6 /* Resources */,
				45450AFF16001EA1DBFA9C31 /* [CP] Embed Pods Frameworks */,
			);
			buildRules = (
			);
			dependencies = (
			);
			name = GanClientApp;
			productName = ShrChiuan;
			productReference = 6549F32D1B1CBFF6007B7EF6 /* GanClientApp.app */;
			productType = "com.apple.product-type.application";
		};
/* End PBXNativeTarget section */

/* Begin PBXProject section */
		6549F3251B1CBFF6007B7EF6 /* Project object */ = {
			isa = PBXProject;
			attributes = {
				LastSwiftMigration = 0700;
				LastSwiftUpdateCheck = 0700;
				LastUpgradeCheck = 1020;
				ORGANIZATIONNAME = xattacker;
				TargetAttributes = {
					6549F32C1B1CBFF6007B7EF6 = {
						CreatedOnToolsVersion = 6.3;
						LastSwiftMigration = 1020;
					};
				};
			};
			buildConfigurationList = 6549F3281B1CBFF6007B7EF6 /* Build configuration list for PBXProject "GanClientApp" */;
			compatibilityVersion = "Xcode 3.2";
			developmentRegion = en;
			hasScannedForEncodings = 0;
			knownRegions = (
				en,
				Base,
				"zh-Hant",
			);
			mainGroup = 6549F3241B1CBFF6007B7EF6;
			productRefGroup = 6549F32E1B1CBFF6007B7EF6 /* Products */;
			projectDirPath = "";
			projectRoot = "";
			targets = (
				6549F32C1B1CBFF6007B7EF6 /* GanClientApp */,
			);
		};
/* End PBXProject section */

/* Begin PBXResourcesBuildPhase section */
		6549F32B1B1CBFF6007B7EF6 /* Resources */ = {
			isa = PBXResourcesBuildPhase;
			buildActionMask = 2147483647;
			files = (
				68D6F13F232A243600F35374 /* Launch Screen.storyboard in Resources */,
				68B36F59235DA30D005D0741 /* InfoPlist.strings in Resources */,
				6549F33B1B1CBFF6007B7EF6 /* Main.storyboard in Resources */,
				68B36F53235D9F7D005D0741 /* Localizable.strings in Resources */,
				6549F33D1B1CBFF6007B7EF6 /* Images.xcassets in Resources */,
			);
			runOnlyForDeploymentPostprocessing = 0;
		};
/* End PBXResourcesBuildPhase section */

/* Begin PBXShellScriptBuildPhase section */
		45450AFF16001EA1DBFA9C31 /* [CP] Embed Pods Frameworks */ = {
			isa = PBXShellScriptBuildPhase;
			buildActionMask = 2147483647;
			files = (
			);
			inputPaths = (
				"${PODS_ROOT}/Target Support Files/Pods-GanClientApp/Pods-GanClientApp-frameworks.sh",
				"${BUILT_PRODUCTS_DIR}/RxCocoa/RxCocoa.framework",
				"${BUILT_PRODUCTS_DIR}/RxRelay/RxRelay.framework",
				"${BUILT_PRODUCTS_DIR}/RxSwift/RxSwift.framework",
			);
			name = "[CP] Embed Pods Frameworks";
			outputPaths = (
				"${TARGET_BUILD_DIR}/${FRAMEWORKS_FOLDER_PATH}/RxCocoa.framework",
				"${TARGET_BUILD_DIR}/${FRAMEWORKS_FOLDER_PATH}/RxRelay.framework",
				"${TARGET_BUILD_DIR}/${FRAMEWORKS_FOLDER_PATH}/RxSwift.framework",
			);
			runOnlyForDeploymentPostprocessing = 0;
			shellPath = /bin/sh;
			shellScript = "\"${PODS_ROOT}/Target Support Files/Pods-GanClientApp/Pods-GanClientApp-frameworks.sh\"\n";
			showEnvVarsInLog = 0;
		};
		95BEFDADC164D0A7838C17CC /* [CP] Check Pods Manifest.lock */ = {
			isa = PBXShellScriptBuildPhase;
			buildActionMask = 2147483647;
			files = (
			);
			inputPaths = (
				"${PODS_PODFILE_DIR_PATH}/Podfile.lock",
				"${PODS_ROOT}/Manifest.lock",
			);
			name = "[CP] Check Pods Manifest.lock";
			outputPaths = (
				"$(DERIVED_FILE_DIR)/Pods-GanClientApp-checkManifestLockResult.txt",
			);
			runOnlyForDeploymentPostprocessing = 0;
			shellPath = /bin/sh;
			shellScript = "diff \"${PODS_PODFILE_DIR_PATH}/Podfile.lock\" \"${PODS_ROOT}/Manifest.lock\" > /dev/null\nif [ $? != 0 ] ; then\n    # print error to STDERR\n    echo \"error: The sandbox is not in sync with the Podfile.lock. Run 'pod install' or update your CocoaPods installation.\" >&2\n    exit 1\nfi\n# This output is used by Xcode 'outputs' to avoid re-running this script phase.\necho \"SUCCESS\" > \"${SCRIPT_OUTPUT_FILE_0}\"\n";
			showEnvVarsInLog = 0;
		};
/* End PBXShellScriptBuildPhase section */

/* Begin PBXSourcesBuildPhase section */
		6549F3291B1CBFF6007B7EF6 /* Sources */ = {
			isa = PBXSourcesBuildPhase;
			buildActionMask = 2147483647;
			files = (
				689B537D2421C13800BF4C2C /* BaseViewController.swift in Sources */,
				65FC25FC1E02ED5600F9E38A /* MacroDefine.swift in Sources */,
				654856AE1B235160001922E1 /* AppDelegate.swift in Sources */,
				65528BB81B3F0AB600A611E4 /* CustomUtility.swift in Sources */,
				6503D0F31E0D8B3500E813ED /* HomeMenuViewController.swift in Sources */,
			);
			runOnlyForDeploymentPostprocessing = 0;
		};
/* End PBXSourcesBuildPhase section */

/* Begin PBXVariantGroup section */
		6549F3391B1CBFF6007B7EF6 /* Main.storyboard */ = {
			isa = PBXVariantGroup;
			children = (
				6549F33A1B1CBFF6007B7EF6 /* Base */,
			);
			name = Main.storyboard;
			sourceTree = "<group>";
		};
		68B36F55235D9F7D005D0741 /* Localizable.strings */ = {
			isa = PBXVariantGroup;
			children = (
				68B36F54235D9F7D005D0741 /* en */,
				68B36F56235D9FB8005D0741 /* zh-Hant */,
			);
			name = Localizable.strings;
			sourceTree = "<group>";
		};
		68B36F5B235DA30D005D0741 /* InfoPlist.strings */ = {
			isa = PBXVariantGroup;
			children = (
				68B36F5A235DA30D005D0741 /* en */,
				68B36F5C235DA30F005D0741 /* zh-Hant */,
			);
			name = InfoPlist.strings;
			sourceTree = "<group>";
		};
		68D6F13D232A243600F35374 /* Launch Screen.storyboard */ = {
			isa = PBXVariantGroup;
			children = (
				68D6F13E232A243600F35374 /* Base */,
			);
			name = "Launch Screen.storyboard";
			sourceTree = "<group>";
		};
/* End PBXVariantGroup section */

/* Begin XCBuildConfiguration section */
		6549F34D1B1CBFF6007B7EF6 /* Debug */ = {
			isa = XCBuildConfiguration;
			buildSettings = {
				ALWAYS_SEARCH_USER_PATHS = NO;
				CLANG_ANALYZER_LOCALIZABILITY_NONLOCALIZED = YES;
				CLANG_CXX_LANGUAGE_STANDARD = "gnu++0x";
				CLANG_CXX_LIBRARY = "libc++";
				CLANG_ENABLE_MODULES = YES;
				CLANG_ENABLE_OBJC_ARC = YES;
				CLANG_WARN_BLOCK_CAPTURE_AUTORELEASING = YES;
				CLANG_WARN_BOOL_CONVERSION = YES;
				CLANG_WARN_COMMA = YES;
				CLANG_WARN_CONSTANT_CONVERSION = YES;
				CLANG_WARN_DEPRECATED_OBJC_IMPLEMENTATIONS = YES;
				CLANG_WARN_DIRECT_OBJC_ISA_USAGE = YES_ERROR;
				CLANG_WARN_EMPTY_BODY = YES;
				CLANG_WARN_ENUM_CONVERSION = YES;
				CLANG_WARN_INFINITE_RECURSION = YES;
				CLANG_WARN_INT_CONVERSION = YES;
				CLANG_WARN_NON_LITERAL_NULL_CONVERSION = YES;
				CLANG_WARN_OBJC_IMPLICIT_RETAIN_SELF = YES;
				CLANG_WARN_OBJC_LITERAL_CONVERSION = YES;
				CLANG_WARN_OBJC_ROOT_CLASS = YES_ERROR;
				CLANG_WARN_RANGE_LOOP_ANALYSIS = YES;
				CLANG_WARN_STRICT_PROTOTYPES = YES;
				CLANG_WARN_SUSPICIOUS_MOVE = YES;
				CLANG_WARN_UNREACHABLE_CODE = YES;
				CLANG_WARN__DUPLICATE_METHOD_MATCH = YES;
				"CODE_SIGN_IDENTITY[sdk=iphoneos*]" = "iPhone Developer";
				COPY_PHASE_STRIP = NO;
				DEBUG_INFORMATION_FORMAT = "dwarf-with-dsym";
				ENABLE_STRICT_OBJC_MSGSEND = YES;
				ENABLE_TESTABILITY = YES;
				GCC_C_LANGUAGE_STANDARD = gnu99;
				GCC_DYNAMIC_NO_PIC = NO;
				GCC_NO_COMMON_BLOCKS = YES;
				GCC_OPTIMIZATION_LEVEL = 0;
				GCC_PREPROCESSOR_DEFINITIONS = (
					"DEBUG=1",
					"$(inherited)",
				);
				GCC_SYMBOLS_PRIVATE_EXTERN = NO;
				GCC_WARN_64_TO_32_BIT_CONVERSION = YES;
				GCC_WARN_ABOUT_RETURN_TYPE = YES_ERROR;
				GCC_WARN_UNDECLARED_SELECTOR = YES;
				GCC_WARN_UNINITIALIZED_AUTOS = YES_AGGRESSIVE;
				GCC_WARN_UNUSED_FUNCTION = YES;
				GCC_WARN_UNUSED_VARIABLE = YES;
				IPHONEOS_DEPLOYMENT_TARGET = 10.0;
				MTL_ENABLE_DEBUG_INFO = YES;
				ONLY_ACTIVE_ARCH = YES;
				OTHER_SWIFT_FLAGS = "-DDEBUG -DFOO";
				SDKROOT = iphoneos;
				SWIFT_OPTIMIZATION_LEVEL = "-Onone";
				SWIFT_VERSION = 5.0;
			};
			name = Debug;
		};
		6549F34E1B1CBFF6007B7EF6 /* Release */ = {
			isa = XCBuildConfiguration;
			buildSettings = {
				ALWAYS_SEARCH_USER_PATHS = NO;
				CLANG_ANALYZER_LOCALIZABILITY_NONLOCALIZED = YES;
				CLANG_CXX_LANGUAGE_STANDARD = "gnu++0x";
				CLANG_CXX_LIBRARY = "libc++";
				CLANG_ENABLE_MODULES = YES;
				CLANG_ENABLE_OBJC_ARC = YES;
				CLANG_WARN_BLOCK_CAPTURE_AUTORELEASING = YES;
				CLANG_WARN_BOOL_CONVERSION = YES;
				CLANG_WARN_COMMA = YES;
				CLANG_WARN_CONSTANT_CONVERSION = YES;
				CLANG_WARN_DEPRECATED_OBJC_IMPLEMENTATIONS = YES;
				CLANG_WARN_DIRECT_OBJC_ISA_USAGE = YES_ERROR;
				CLANG_WARN_EMPTY_BODY = YES;
				CLANG_WARN_ENUM_CONVERSION = YES;
				CLANG_WARN_INFINITE_RECURSION = YES;
				CLANG_WARN_INT_CONVERSION = YES;
				CLANG_WARN_NON_LITERAL_NULL_CONVERSION = YES;
				CLANG_WARN_OBJC_IMPLICIT_RETAIN_SELF = YES;
				CLANG_WARN_OBJC_LITERAL_CONVERSION = YES;
				CLANG_WARN_OBJC_ROOT_CLASS = YES_ERROR;
				CLANG_WARN_RANGE_LOOP_ANALYSIS = YES;
				CLANG_WARN_STRICT_PROTOTYPES = YES;
				CLANG_WARN_SUSPICIOUS_MOVE = YES;
				CLANG_WARN_UNREACHABLE_CODE = YES;
				CLANG_WARN__DUPLICATE_METHOD_MATCH = YES;
				"CODE_SIGN_IDENTITY[sdk=iphoneos*]" = "iPhone Developer";
				COPY_PHASE_STRIP = NO;
				DEBUG_INFORMATION_FORMAT = "dwarf-with-dsym";
				ENABLE_NS_ASSERTIONS = NO;
				ENABLE_STRICT_OBJC_MSGSEND = YES;
				GCC_C_LANGUAGE_STANDARD = gnu99;
				GCC_NO_COMMON_BLOCKS = YES;
				GCC_WARN_64_TO_32_BIT_CONVERSION = YES;
				GCC_WARN_ABOUT_RETURN_TYPE = YES_ERROR;
				GCC_WARN_UNDECLARED_SELECTOR = YES;
				GCC_WARN_UNINITIALIZED_AUTOS = YES_AGGRESSIVE;
				GCC_WARN_UNUSED_FUNCTION = YES;
				GCC_WARN_UNUSED_VARIABLE = YES;
				IPHONEOS_DEPLOYMENT_TARGET = 10.0;
				MTL_ENABLE_DEBUG_INFO = NO;
				SDKROOT = iphoneos;
				SWIFT_COMPILATION_MODE = wholemodule;
				SWIFT_VERSION = 5.0;
				VALIDATE_PRODUCT = YES;
			};
			name = Release;
		};
		6549F3501B1CBFF6007B7EF6 /* Debug */ = {
			isa = XCBuildConfiguration;
			baseConfigurationReference = D9CAAAC9AA0A9234980EFBF9 /* Pods-GanClientApp.debug.xcconfig */;
			buildSettings = {
				ASSETCATALOG_COMPILER_APPICON_NAME = AppIcon;
				CLANG_ENABLE_MODULES = YES;
				INFOPLIST_FILE = "$(SRCROOT)/Info.plist";
				IPHONEOS_DEPLOYMENT_TARGET = 10.0;
				LD_RUNPATH_SEARCH_PATHS = "$(inherited) @executable_path/Frameworks";
				PRODUCT_BUNDLE_IDENTIFIER = com.xattacker.GanClientApp;
				PRODUCT_NAME = "$(TARGET_NAME)";
				SWIFT_OBJC_BRIDGING_HEADER = "Classes/GanClientApp-Bridging-Header.h";
				SWIFT_OPTIMIZATION_LEVEL = "-Onone";
				SWIFT_VERSION = 5.0;
				TARGETED_DEVICE_FAMILY = "1,2";
			};
			name = Debug;
		};
		6549F3511B1CBFF6007B7EF6 /* Release */ = {
			isa = XCBuildConfiguration;
			baseConfigurationReference = 81B63F9745D1786F8414EFAE /* Pods-GanClientApp.release.xcconfig */;
			buildSettings = {
				ASSETCATALOG_COMPILER_APPICON_NAME = AppIcon;
				CLANG_ENABLE_MODULES = YES;
				INFOPLIST_FILE = "$(SRCROOT)/Info.plist";
				IPHONEOS_DEPLOYMENT_TARGET = 10.0;
				LD_RUNPATH_SEARCH_PATHS = "$(inherited) @executable_path/Frameworks";
				PRODUCT_BUNDLE_IDENTIFIER = com.xattacker.GanClientApp;
				PRODUCT_NAME = "$(TARGET_NAME)";
				SWIFT_OBJC_BRIDGING_HEADER = "Classes/GanClientApp-Bridging-Header.h";
				SWIFT_VERSION = 5.0;
				TARGETED_DEVICE_FAMILY = "1,2";
			};
			name = Release;
		};
/* End XCBuildConfiguration section */

/* Begin XCConfigurationList section */
		6549F3281B1CBFF6007B7EF6 /* Build configuration list for PBXProject "GanClientApp" */ = {
			isa = XCConfigurationList;
			buildConfigurations = (
				6549F34D1B1CBFF6007B7EF6 /* Debug */,
				6549F34E1B1CBFF6007B7EF6 /* Release */,
			);
			defaultConfigurationIsVisible = 0;
			defaultConfigurationName = Release;
		};
		6549F34F1B1CBFF6007B7EF6 /* Build configuration list for PBXNativeTarget "GanClientApp" */ = {
			isa = XCConfigurationList;
			buildConfigurations = (
				6549F3501B1CBFF6007B7EF6 /* Debug */,
				6549F3511B1CBFF6007B7EF6 /* Release */,
			);
			defaultConfigurationIsVisible = 0;
			defaultConfigurationName = Release;
		};
/* End XCConfigurationList section */
	};
	rootObject = 6549F3251B1CBFF6007B7EF6 /* Project object */;
}
