PODS:
  - ObjectMapper (4.2.0)
  - RxCocoa (6.1.0):
    - RxRelay (= 6.1.0)
    - RxSwift (= 6.1.0)
  - RxRelay (6.1.0):
    - RxSwift (= 6.1.0)
  - RxSwift (6.1.0)

DEPENDENCIES:
  - ObjectMapper
  - RxCocoa
  - RxSwift

SPEC REPOS:
  trunk:
    - ObjectMapper
    - RxCocoa
    - RxRelay
    - RxSwift

SPEC CHECKSUMS:
  ObjectMapper: 1eb41f610210777375fa806bf161dc39fb832b81
  RxCocoa: 5c51f02d562cbd94629f6c26cf0c80fe4ab8d343
  RxRelay: 483e1a19fad961b41f0b0c0bee506f46c1ae14fe
  RxSwift: a834e5c538e89eca0cae86f403f4fbf0336786ce

PODFILE CHECKSUM: 66a10dc2f3cbeb568e36a412450580e2158159c3

COCOAPODS: 1.10.1
